// !$*UTF8*$!
{
	archiveVersion = 1;
	classes = {
	};
	objectVersion = 46;
	objects = {

/* Begin PBXBuildFile section */
		0DAF397D1D0B9E9E00052F00 /* AppDelegate.swift in Sources */ = {isa = PBXBuildFile; fileRef = 0DAF397C1D0B9E9E00052F00 /* AppDelegate.swift */; };
		0DAF397F1D0B9E9E00052F00 /* FirstViewController.swift in Sources */ = {isa = PBXBuildFile; fileRef = 0DAF397E1D0B9E9E00052F00 /* FirstViewController.swift */; };
		0DAF39811D0B9E9E00052F00 /* SecondViewController.swift in Sources */ = {isa = PBXBuildFile; fileRef = 0DAF39801D0B9E9E00052F00 /* SecondViewController.swift */; };
		0DAF39841D0B9E9E00052F00 /* Main.storyboard in Resources */ = {isa = PBXBuildFile; fileRef = 0DAF39821D0B9E9E00052F00 /* Main.storyboard */; };
		0DAF39861D0B9E9E00052F00 /* Assets.xcassets in Resources */ = {isa = PBXBuildFile; fileRef = 0DAF39851D0B9E9E00052F00 /* Assets.xcassets */; };
		0DAF39891D0B9E9E00052F00 /* LaunchScreen.storyboard in Resources */ = {isa = PBXBuildFile; fileRef = 0DAF39871D0B9E9E00052F00 /* LaunchScreen.storyboard */; };
		0DAF39941D0B9E9E00052F00 /* KillerTests.swift in Sources */ = {isa = PBXBuildFile; fileRef = 0DAF39931D0B9E9E00052F00 /* KillerTests.swift */; };
		0DAF399F1D0B9E9E00052F00 /* KillerUITests.swift in Sources */ = {isa = PBXBuildFile; fileRef = 0DAF399E1D0B9E9E00052F00 /* KillerUITests.swift */; };
/* End PBXBuildFile section */

/* Begin PBXContainerItemProxy section */
		0DAF39901D0B9E9E00052F00 /* PBXContainerItemProxy */ = {
			isa = PBXContainerItemProxy;
			containerPortal = 0DAF39711D0B9E9E00052F00 /* Project object */;
			proxyType = 1;
			remoteGlobalIDString = 0DAF39781D0B9E9E00052F00;
			remoteInfo = Killer;
		};
		0DAF399B1D0B9E9E00052F00 /* PBXContainerItemProxy */ = {
			isa = PBXContainerItemProxy;
			containerPortal = 0DAF39711D0B9E9E00052F00 /* Project object */;
			proxyType = 1;
			remoteGlobalIDString = 0DAF39781D0B9E9E00052F00;
			remoteInfo = Killer;
		};
/* End PBXContainerItemProxy section */

/* Begin PBXFileReference section */
		0DAF39791D0B9E9E00052F00 /* Killer.app */ = {isa = PBXFileReference; explicitFileType = wrapper.application; includeInIndex = 0; path = Killer.app; sourceTree = BUILT_PRODUCTS_DIR; };
		0DAF397C1D0B9E9E00052F00 /* AppDelegate.swift */ = {isa = PBXFileReference; lastKnownFileType = sourcecode.swift; path = AppDelegate.swift; sourceTree = "<group>"; };
		0DAF397E1D0B9E9E00052F00 /* FirstViewController.swift */ = {isa = PBXFileReference; lastKnownFileType = sourcecode.swift; path = FirstViewController.swift; sourceTree = "<group>"; };
		0DAF39801D0B9E9E00052F00 /* SecondViewController.swift */ = {isa = PBXFileReference; lastKnownFileType = sourcecode.swift; path = SecondViewController.swift; sourceTree = "<group>"; };
		0DAF39831D0B9E9E00052F00 /* Base */ = {isa = PBXFileReference; lastKnownFileType = file.storyboard; name = Base; path = Base.lproj/Main.storyboard; sourceTree = "<group>"; };
		0DAF39851D0B9E9E00052F00 /* Assets.xcassets */ = {isa = PBXFileReference; lastKnownFileType = folder.assetcatalog; path = Assets.xcassets; sourceTree = "<group>"; };
		0DAF39881D0B9E9E00052F00 /* Base */ = {isa = PBXFileReference; lastKnownFileType = file.storyboard; name = Base; path = Base.lproj/LaunchScreen.storyboard; sourceTree = "<group>"; };
		0DAF398A1D0B9E9E00052F00 /* Info.plist */ = {isa = PBXFileReference; lastKnownFileType = text.plist.xml; path = Info.plist; sourceTree = "<group>"; };
		0DAF398F1D0B9E9E00052F00 /* KillerTests.xctest */ = {isa = PBXFileReference; explicitFileType = wrapper.cfbundle; includeInIndex = 0; path = KillerTests.xctest; sourceTree = BUILT_PRODUCTS_DIR; };
		0DAF39931D0B9E9E00052F00 /* KillerTests.swift */ = {isa = PBXFileReference; lastKnownFileType = sourcecode.swift; path = KillerTests.swift; sourceTree = "<group>"; };
		0DAF39951D0B9E9E00052F00 /* Info.plist */ = {isa = PBXFileReference; lastKnownFileType = text.plist.xml; path = Info.plist; sourceTree = "<group>"; };
		0DAF399A1D0B9E9E00052F00 /* KillerUITests.xctest */ = {isa = PBXFileReference; explicitFileType = wrapper.cfbundle; includeInIndex = 0; path = KillerUITests.xctest; sourceTree = BUILT_PRODUCTS_DIR; };
		0DAF399E1D0B9E9E00052F00 /* KillerUITests.swift */ = {isa = PBXFileReference; lastKnownFileType = sourcecode.swift; path = KillerUITests.swift; sourceTree = "<group>"; };
		0DAF39A01D0B9E9E00052F00 /* Info.plist */ = {isa = PBXFileReference; lastKnownFileType = text.plist.xml; path = Info.plist; sourceTree = "<group>"; };
/* End PBXFileReference section */

/* Begin PBXFrameworksBuildPhase section */
		0DAF39761D0B9E9E00052F00 /* Frameworks */ = {
			isa = PBXFrameworksBuildPhase;
			buildActionMask = 2147483647;
			files = (
			);
			runOnlyForDeploymentPostprocessing = 0;
		};
		0DAF398C1D0B9E9E00052F00 /* Frameworks */ = {
			isa = PBXFrameworksBuildPhase;
			buildActionMask = 2147483647;
			files = (
			);
			runOnlyForDeploymentPostprocessing = 0;
		};
		0DAF39971D0B9E9E00052F00 /* Frameworks */ = {
			isa = PBXFrameworksBuildPhase;
			buildActionMask = 2147483647;
			files = (
			);
			runOnlyForDeploymentPostprocessing = 0;
		};
/* End PBXFrameworksBuildPhase section */

/* Begin PBXGroup section */
		0DAF39701D0B9E9E00052F00 = {
			isa = PBXGroup;
			children = (
				0DAF397B1D0B9E9E00052F00 /* Killer */,
				0DAF39921D0B9E9E00052F00 /* KillerTests */,
				0DAF399D1D0B9E9E00052F00 /* KillerUITests */,
				0DAF397A1D0B9E9E00052F00 /* Products */,
			);
			sourceTree = "<group>";
		};
		0DAF397A1D0B9E9E00052F00 /* Products */ = {
			isa = PBXGroup;
			children = (
				0DAF39791D0B9E9E00052F00 /* Killer.app */,
				0DAF398F1D0B9E9E00052F00 /* KillerTests.xctest */,
				0DAF399A1D0B9E9E00052F00 /* KillerUITests.xctest */,
			);
			name = Products;
			sourceTree = "<group>";
		};
		0DAF397B1D0B9E9E00052F00 /* Killer */ = {
			isa = PBXGroup;
			children = (
				0DAF397C1D0B9E9E00052F00 /* AppDelegate.swift */,
				0DAF397E1D0B9E9E00052F00 /* FirstViewController.swift */,
				0DAF39801D0B9E9E00052F00 /* SecondViewController.swift */,
				0DAF39821D0B9E9E00052F00 /* Main.storyboard */,
				0DAF39851D0B9E9E00052F00 /* Assets.xcassets */,
				0DAF39871D0B9E9E00052F00 /* LaunchScreen.storyboard */,
				0DAF398A1D0B9E9E00052F00 /* Info.plist */,
			);
			path = Killer;
			sourceTree = "<group>";
		};
		0DAF39921D0B9E9E00052F00 /* KillerTests */ = {
			isa = PBXGroup;
			children = (
				0DAF39931D0B9E9E00052F00 /* KillerTests.swift */,
				0DAF39951D0B9E9E00052F00 /* Info.plist */,
			);
			path = KillerTests;
			sourceTree = "<group>";
		};
		0DAF399D1D0B9E9E00052F00 /* KillerUITests */ = {
			isa = PBXGroup;
			children = (
				0DAF399E1D0B9E9E00052F00 /* KillerUITests.swift */,
				0DAF39A01D0B9E9E00052F00 /* Info.plist */,
			);
			path = KillerUITests;
			sourceTree = "<group>";
		};
/* End PBXGroup section */

/* Begin PBXNativeTarget section */
		0DAF39781D0B9E9E00052F00 /* Killer */ = {
			isa = PBXNativeTarget;
			buildConfigurationList = 0DAF39A31D0B9E9E00052F00 /* Build configuration list for PBXNativeTarget "Killer" */;
			buildPhases = (
				0DAF39751D0B9E9E00052F00 /* Sources */,
				0DAF39761D0B9E9E00052F00 /* Frameworks */,
				0DAF39771D0B9E9E00052F00 /* Resources */,
			);
			buildRules = (
			);
			dependencies = (
			);
			name = Killer;
			productName = Killer;
			productReference = 0DAF39791D0B9E9E00052F00 /* Killer.app */;
			productType = "com.apple.product-type.application";
		};
		0DAF398E1D0B9E9E00052F00 /* KillerTests */ = {
			isa = PBXNativeTarget;
			buildConfigurationList = 0DAF39A61D0B9E9E00052F00 /* Build configuration list for PBXNativeTarget "KillerTests" */;
			buildPhases = (
				0DAF398B1D0B9E9E00052F00 /* Sources */,
				0DAF398C1D0B9E9E00052F00 /* Frameworks */,
				0DAF398D1D0B9E9E00052F00 /* Resources */,
			);
			buildRules = (
			);
			dependencies = (
				0DAF39911D0B9E9E00052F00 /* PBXTargetDependency */,
			);
			name = KillerTests;
			productName = KillerTests;
			productReference = 0DAF398F1D0B9E9E00052F00 /* KillerTests.xctest */;
			productType = "com.apple.product-type.bundle.unit-test";
		};
		0DAF39991D0B9E9E00052F00 /* KillerUITests */ = {
			isa = PBXNativeTarget;
			buildConfigurationList = 0DAF39A91D0B9E9E00052F00 /* Build configuration list for PBXNativeTarget "KillerUITests" */;
			buildPhases = (
				0DAF39961D0B9E9E00052F00 /* Sources */,
				0DAF39971D0B9E9E00052F00 /* Frameworks */,
				0DAF39981D0B9E9E00052F00 /* Resources */,
			);
			buildRules = (
			);
			dependencies = (
				0DAF399C1D0B9E9E00052F00 /* PBXTargetDependency */,
			);
			name = KillerUITests;
			productName = KillerUITests;
			productReference = 0DAF399A1D0B9E9E00052F00 /* KillerUITests.xctest */;
			productType = "com.apple.product-type.bundle.ui-testing";
		};
/* End PBXNativeTarget section */

/* Begin PBXProject section */
		0DAF39711D0B9E9E00052F00 /* Project object */ = {
			isa = PBXProject;
			attributes = {
				LastSwiftUpdateCheck = 0730;
				LastUpgradeCheck = 0730;
				ORGANIZATIONNAME = " qztcm09";
				TargetAttributes = {
					0DAF39781D0B9E9E00052F00 = {
						CreatedOnToolsVersion = 7.3.1;
						DevelopmentTeam = R9J7AUV43K;
					};
					0DAF398E1D0B9E9E00052F00 = {
						CreatedOnToolsVersion = 7.3.1;
						DevelopmentTeam = R9J7AUV43K;
						TestTargetID = 0DAF39781D0B9E9E00052F00;
					};
					0DAF39991D0B9E9E00052F00 = {
						CreatedOnToolsVersion = 7.3.1;
						DevelopmentTeam = R9J7AUV43K;
						TestTargetID = 0DAF39781D0B9E9E00052F00;
					};
				};
			};
			buildConfigurationList = 0DAF39741D0B9E9E00052F00 /* Build configuration list for PBXProject "Killer" */;
			compatibilityVersion = "Xcode 3.2";
			developmentRegion = English;
			hasScannedForEncodings = 0;
			knownRegions = (
				en,
				Base,
			);
			mainGroup = 0DAF39701D0B9E9E00052F00;
			productRefGroup = 0DAF397A1D0B9E9E00052F00 /* Products */;
			projectDirPath = "";
			projectRoot = "";
			targets = (
				0DAF39781D0B9E9E00052F00 /* Killer */,
				0DAF398E1D0B9E9E00052F00 /* KillerTests */,
				0DAF39991D0B9E9E00052F00 /* KillerUITests */,
			);
		};
/* End PBXProject section */

/* Begin PBXResourcesBuildPhase section */
		0DAF39771D0B9E9E00052F00 /* Resources */ = {
			isa = PBXResourcesBuildPhase;
			buildActionMask = 2147483647;
			files = (
				0DAF39891D0B9E9E00052F00 /* LaunchScreen.storyboard in Resources */,
				0DAF39861D0B9E9E00052F00 /* Assets.xcassets in Resources */,
				0DAF39841D0B9E9E00052F00 /* Main.storyboard in Resources */,
			);
			runOnlyForDeploymentPostprocessing = 0;
		};
		0DAF398D1D0B9E9E00052F00 /* Resources */ = {
			isa = PBXResourcesBuildPhase;
			buildActionMask = 2147483647;
			files = (
			);
			runOnlyForDeploymentPostprocessing = 0;
		};
		0DAF39981D0B9E9E00052F00 /* Resources */ = {
			isa = PBXResourcesBuildPhase;
			buildActionMask = 2147483647;
			files = (
			);
			runOnlyForDeploymentPostprocessing = 0;
		};
/* End PBXResourcesBuildPhase section */

/* Begin PBXSourcesBuildPhase section */
		0DAF39751D0B9E9E00052F00 /* Sources */ = {
			isa = PBXSourcesBuildPhase;
			buildActionMask = 2147483647;
			files = (
				0DAF39811D0B9E9E00052F00 /* SecondViewController.swift in Sources */,
				0DAF397D1D0B9E9E00052F00 /* AppDelegate.swift in Sources */,
				0DAF397F1D0B9E9E00052F00 /* FirstViewController.swift in Sources */,
			);
			runOnlyForDeploymentPostprocessing = 0;
		};
		0DAF398B1D0B9E9E00052F00 /* Sources */ = {
			isa = PBXSourcesBuildPhase;
			buildActionMask = 2147483647;
			files = (
				0DAF39941D0B9E9E00052F00 /* KillerTests.swift in Sources */,
			);
			runOnlyForDeploymentPostprocessing = 0;
		};
		0DAF39961D0B9E9E00052F00 /* Sources */ = {
			isa = PBXSourcesBuildPhase;
			buildActionMask = 2147483647;
			files = (
				0DAF399F1D0B9E9E00052F00 /* KillerUITests.swift in Sources */,
			);
			runOnlyForDeploymentPostprocessing = 0;
		};
/* End PBXSourcesBuildPhase section */

/* Begin PBXTargetDependency section */
		0DAF39911D0B9E9E00052F00 /* PBXTargetDependency */ = {
			isa = PBXTargetDependency;
			target = 0DAF39781D0B9E9E00052F00 /* Killer */;
			targetProxy = 0DAF39901D0B9E9E00052F00 /* PBXContainerItemProxy */;
		};
		0DAF399C1D0B9E9E00052F00 /* PBXTargetDependency */ = {
			isa = PBXTargetDependency;
			target = 0DAF39781D0B9E9E00052F00 /* Killer */;
			targetProxy = 0DAF399B1D0B9E9E00052F00 /* PBXContainerItemProxy */;
		};
/* End PBXTargetDependency section */

/* Begin PBXVariantGroup section */
		0DAF39821D0B9E9E00052F00 /* Main.storyboard */ = {
			isa = PBXVariantGroup;
			children = (
				0DAF39831D0B9E9E00052F00 /* Base */,
			);
			name = Main.storyboard;
			sourceTree = "<group>";
		};
		0DAF39871D0B9E9E00052F00 /* LaunchScreen.storyboard */ = {
			isa = PBXVariantGroup;
			children = (
				0DAF39881D0B9E9E00052F00 /* Base */,
			);
			name = LaunchScreen.storyboard;
			sourceTree = "<group>";
		};
/* End PBXVariantGroup section */

/* Begin XCBuildConfiguration section */
		0DAF39A11D0B9E9E00052F00 /* Debug */ = {
			isa = XCBuildConfiguration;
			buildSettings = {
				ALWAYS_SEARCH_USER_PATHS = NO;
				CLANG_ANALYZER_NONNULL = YES;
				CLANG_CXX_LANGUAGE_STANDARD = "gnu++0x";
				CLANG_CXX_LIBRARY = "libc++";
				CLANG_ENABLE_MODULES = YES;
				CLANG_ENABLE_OBJC_ARC = YES;
				CLANG_WARN_BOOL_CONVERSION = YES;
				CLANG_WARN_CONSTANT_CONVERSION = YES;
				CLANG_WARN_DIRECT_OBJC_ISA_USAGE = YES_ERROR;
				CLANG_WARN_EMPTY_BODY = YES;
				CLANG_WARN_ENUM_CONVERSION = YES;
				CLANG_WARN_INT_CONVERSION = YES;
				CLANG_WARN_OBJC_ROOT_CLASS = YES_ERROR;
				CLANG_WARN_UNREACHABLE_CODE = YES;
				CLANG_WARN__DUPLICATE_METHOD_MATCH = YES;
				"CODE_SIGN_IDENTITY[sdk=iphoneos*]" = "iPhone Developer";
				COPY_PHASE_STRIP = NO;
				DEBUG_INFORMATION_FORMAT = dwarf;
				ENABLE_STRICT_OBJC_MSGSEND = YES;
				ENABLE_TESTABILITY = YES;
				GCC_C_LANGUAGE_STANDARD = gnu99;
				GCC_DYNAMIC_NO_PIC = NO;
				GCC_NO_COMMON_BLOCKS = YES;
				GCC_OPTIMIZATION_LEVEL = 0;
				GCC_PREPROCESSOR_DEFINITIONS = (
					"DEBUG=1",
					"$(inherited)",
				);
				GCC_WARN_64_TO_32_BIT_CONVERSION = YES;
				GCC_WARN_ABOUT_RETURN_TYPE = YES_ERROR;
				GCC_WARN_UNDECLARED_SELECTOR = YES;
				GCC_WARN_UNINITIALIZED_AUTOS = YES_AGGRESSIVE;
				GCC_WARN_UNUSED_FUNCTION = YES;
				GCC_WARN_UNUSED_VARIABLE = YES;
				IPHONEOS_DEPLOYMENT_TARGET = 9.3;
				MTL_ENABLE_DEBUG_INFO = YES;
				ONLY_ACTIVE_ARCH = YES;
				SDKROOT = iphoneos;
				SWIFT_OPTIMIZATION_LEVEL = "-Onone";
			};
			name = Debug;
		};
		0DAF39A21D0B9E9E00052F00 /* Release */ = {
			isa = XCBuildConfiguration;
			buildSettings = {
				ALWAYS_SEARCH_USER_PATHS = NO;
				CLANG_ANALYZER_NONNULL = YES;
				CLANG_CXX_LANGUAGE_STANDARD = "gnu++0x";
				CLANG_CXX_LIBRARY = "libc++";
				CLANG_ENABLE_MODULES = YES;
				CLANG_ENABLE_OBJC_ARC = YES;
				CLANG_WARN_BOOL_CONVERSION = YES;
				CLANG_WARN_CONSTANT_CONVERSION = YES;
				CLANG_WARN_DIRECT_OBJC_ISA_USAGE = YES_ERROR;
				CLANG_WARN_EMPTY_BODY = YES;
				CLANG_WARN_ENUM_CONVERSION = YES;
				CLANG_WARN_INT_CONVERSION = YES;
				CLANG_WARN_OBJC_ROOT_CLASS = YES_ERROR;
				CLANG_WARN_UNREACHABLE_CODE = YES;
				CLANG_WARN__DUPLICATE_METHOD_MATCH = YES;
				"CODE_SIGN_IDENTITY[sdk=iphoneos*]" = "iPhone Developer";
				COPY_PHASE_STRIP = NO;
				DEBUG_INFORMATION_FORMAT = "dwarf-with-dsym";
				ENABLE_NS_ASSERTIONS = NO;
				ENABLE_STRICT_OBJC_MSGSEND = YES;
				GCC_C_LANGUAGE_STANDARD = gnu99;
				GCC_NO_COMMON_BLOCKS = YES;
				GCC_WARN_64_TO_32_BIT_CONVERSION = YES;
				GCC_WARN_ABOUT_RETURN_TYPE = YES_ERROR;
				GCC_WARN_UNDECLARED_SELECTOR = YES;
				GCC_WARN_UNINITIALIZED_AUTOS = YES_AGGRESSIVE;
				GCC_WARN_UNUSED_FUNCTION = YES;
				GCC_WARN_UNUSED_VARIABLE = YES;
				IPHONEOS_DEPLOYMENT_TARGET = 9.3;
				MTL_ENABLE_DEBUG_INFO = NO;
				SDKROOT = iphoneos;
				VALIDATE_PRODUCT = YES;
			};
			name = Release;
		};
		0DAF39A41D0B9E9E00052F00 /* Debug */ = {
			isa = XCBuildConfiguration;
			buildSettings = {
				ASSETCATALOG_COMPILER_APPICON_NAME = AppIcon;
				INFOPLIST_FILE = Killer/Info.plist;
				LD_RUNPATH_SEARCH_PATHS = "$(inherited) @executable_path/Frameworks";
				PRODUCT_BUNDLE_IDENTIFIER = qztc.Killer;
				PRODUCT_NAME = "$(TARGET_NAME)";
			};
			name = Debug;
		};
		0DAF39A51D0B9E9E00052F00 /* Release */ = {
			isa = XCBuildConfiguration;
			buildSettings = {
				ASSETCATALOG_COMPILER_APPICON_NAME = AppIcon;
				INFOPLIST_FILE = Killer/Info.plist;
				LD_RUNPATH_SEARCH_PATHS = "$(inherited) @executable_path/Frameworks";
				PRODUCT_BUNDLE_IDENTIFIER = qztc.Killer;
				PRODUCT_NAME = "$(TARGET_NAME)";
			};
			name = Release;
		};
		0DAF39A71D0B9E9E00052F00 /* Debug */ = {
			isa = XCBuildConfiguration;
			buildSettings = {
				BUNDLE_LOADER = "$(TEST_HOST)";
				INFOPLIST_FILE = KillerTests/Info.plist;
				LD_RUNPATH_SEARCH_PATHS = "$(inherited) @executable_path/Frameworks @loader_path/Frameworks";
				PRODUCT_BUNDLE_IDENTIFIER = qztc.KillerTests;
				PRODUCT_NAME = "$(TARGET_NAME)";
				TEST_HOST = "$(BUILT_PRODUCTS_DIR)/Killer.app/Killer";
			};
			name = Debug;
		};
		0DAF39A81D0B9E9E00052F00 /* Release */ = {
			isa = XCBuildConfiguration;
			buildSettings = {
				BUNDLE_LOADER = "$(TEST_HOST)";
				INFOPLIST_FILE = KillerTests/Info.plist;
				LD_RUNPATH_SEARCH_PATHS = "$(inherited) @executable_path/Frameworks @loader_path/Frameworks";
				PRODUCT_BUNDLE_IDENTIFIER = qztc.KillerTests;
				PRODUCT_NAME = "$(TARGET_NAME)";
				TEST_HOST = "$(BUILT_PRODUCTS_DIR)/Killer.app/Killer";
			};
			name = Release;
		};
		0DAF39AA1D0B9E9E00052F00 /* Debug */ = {
			isa = XCBuildConfiguration;
			buildSettings = {
				INFOPLIST_FILE = KillerUITests/Info.plist;
				LD_RUNPATH_SEARCH_PATHS = "$(inherited) @executable_path/Frameworks @loader_path/Frameworks";
				PRODUCT_BUNDLE_IDENTIFIER = qztc.KillerUITests;
				PRODUCT_NAME = "$(TARGET_NAME)";
				TEST_TARGET_NAME = Killer;
			};
			name = Debug;
		};
		0DAF39AB1D0B9E9E00052F00 /* Release */ = {
			isa = XCBuildConfiguration;
			buildSettings = {
				INFOPLIST_FILE = KillerUITests/Info.plist;
				LD_RUNPATH_SEARCH_PATHS = "$(inherited) @executable_path/Frameworks @loader_path/Frameworks";
				PRODUCT_BUNDLE_IDENTIFIER = qztc.KillerUITests;
				PRODUCT_NAME = "$(TARGET_NAME)";
				TEST_TARGET_NAME = Killer;
			};
			name = Release;
		};
/* End XCBuildConfiguration section */

/* Begin XCConfigurationList section */
		0DAF39741D0B9E9E00052F00 /* Build configuration list for PBXProject "Killer" */ = {
			isa = XCConfigurationList;
			buildConfigurations = (
				0DAF39A11D0B9E9E00052F00 /* Debug */,
				0DAF39A21D0B9E9E00052F00 /* Release */,
			);
			defaultConfigurationIsVisible = 0;
			defaultConfigurationName = Release;
		};
		0DAF39A31D0B9E9E00052F00 /* Build configuration list for PBXNativeTarget "Killer" */ = {
			isa = XCConfigurationList;
			buildConfigurations = (
				0DAF39A41D0B9E9E00052F00 /* Debug */,
				0DAF39A51D0B9E9E00052F00 /* Release */,
			);
			defaultConfigurationIsVisible = 0;
		};
		0DAF39A61D0B9E9E00052F00 /* Build configuration list for PBXNativeTarget "KillerTests" */ = {
			isa = XCConfigurationList;
			buildConfigurations = (
				0DAF39A71D0B9E9E00052F00 /* Debug */,
				0DAF39A81D0B9E9E00052F00 /* Release */,
			);
			defaultConfigurationIsVisible = 0;
		};
		0DAF39A91D0B9E9E00052F00 /* Build configuration list for PBXNativeTarget "KillerUITests" */ = {
			isa = XCConfigurationList;
			buildConfigurations = (
				0DAF39AA1D0B9E9E00052F00 /* Debug */,
				0DAF39AB1D0B9E9E00052F00 /* Release */,
			);
			defaultConfigurationIsVisible = 0;
		};
/* End XCConfigurationList section */
	};
	rootObject = 0DAF39711D0B9E9E00052F00 /* Project object */;
}
